// !$*UTF8*$!
{
	archiveVersion = 1;
	classes = {
	};
	objectVersion = 48;
	objects = {

/* Begin PBXBuildFile section */
		3AAF0E4E1F9E26DA00A993D0 /* c_blake256.c in Sources */ = {isa = PBXBuildFile; fileRef = 3AAF0DFA1F9E26C700A993D0 /* c_blake256.c */; };
		3AAF0E4F1F9E26DA00A993D0 /* c_groestl.c in Sources */ = {isa = PBXBuildFile; fileRef = 3AAF0DFC1F9E26C700A993D0 /* c_groestl.c */; };
		3AAF0E501F9E26DA00A993D0 /* c_jh.c in Sources */ = {isa = PBXBuildFile; fileRef = 3AAF0DFE1F9E26C700A993D0 /* c_jh.c */; };
		3AAF0E511F9E26DA00A993D0 /* c_keccak.c in Sources */ = {isa = PBXBuildFile; fileRef = 3AAF0E001F9E26C700A993D0 /* c_keccak.c */; };
		3AAF0E521F9E26DA00A993D0 /* c_skein.c in Sources */ = {isa = PBXBuildFile; fileRef = 3AAF0E021F9E26C700A993D0 /* c_skein.c */; };
		3AFC9BDD1F9A285700C07CFE /* AppDelegate.m in Sources */ = {isa = PBXBuildFile; fileRef = 3AFC9BDC1F9A285700C07CFE /* AppDelegate.m */; };
		3AFC9BE01F9A285700C07CFE /* ViewController.m in Sources */ = {isa = PBXBuildFile; fileRef = 3AFC9BDF1F9A285700C07CFE /* ViewController.m */; };
		3AFC9BE31F9A285700C07CFE /* Main.storyboard in Resources */ = {isa = PBXBuildFile; fileRef = 3AFC9BE11F9A285700C07CFE /* Main.storyboard */; };
		3AFC9BE51F9A285700C07CFE /* Assets.xcassets in Resources */ = {isa = PBXBuildFile; fileRef = 3AFC9BE41F9A285700C07CFE /* Assets.xcassets */; };
		3AFC9BE81F9A285700C07CFE /* LaunchScreen.storyboard in Resources */ = {isa = PBXBuildFile; fileRef = 3AFC9BE61F9A285700C07CFE /* LaunchScreen.storyboard */; };
		3AFC9BEB1F9A285700C07CFE /* main.m in Sources */ = {isa = PBXBuildFile; fileRef = 3AFC9BEA1F9A285700C07CFE /* main.m */; };
/* End PBXBuildFile section */

/* Begin PBXFileReference section */
		3AAF0DA71F9E26C700A993D0 /* align.h */ = {isa = PBXFileReference; lastKnownFileType = sourcecode.c.h; path = align.h; sourceTree = "<group>"; };
		3AAF0DA91F9E26C700A993D0 /* getopt.h */ = {isa = PBXFileReference; lastKnownFileType = sourcecode.c.h; path = getopt.h; sourceTree = "<group>"; };
		3AAF0DAB1F9E26C700A993D0 /* amd_code_t.h */ = {isa = PBXFileReference; lastKnownFileType = sourcecode.c.h; path = amd_code_t.h; sourceTree = "<group>"; };
		3AAF0DAC1F9E26C700A993D0 /* asm-bits.c */ = {isa = PBXFileReference; lastKnownFileType = sourcecode.c.c; path = "asm-bits.c"; sourceTree = "<group>"; };
		3AAF0DAD1F9E26C700A993D0 /* asm-bits.h */ = {isa = PBXFileReference; lastKnownFileType = sourcecode.c.h; path = "asm-bits.h"; sourceTree = "<group>"; };
		3AAF0DAE1F9E26C700A993D0 /* CMakeLists.txt */ = {isa = PBXFileReference; lastKnownFileType = text; path = CMakeLists.txt; sourceTree = "<group>"; };
		3AAF0DAF1F9E26C700A993D0 /* cpuid_main.c */ = {isa = PBXFileReference; lastKnownFileType = sourcecode.c.c; path = cpuid_main.c; sourceTree = "<group>"; };
		3AAF0DB01F9E26C700A993D0 /* intel_code_t.h */ = {isa = PBXFileReference; lastKnownFileType = sourcecode.c.h; path = intel_code_t.h; sourceTree = "<group>"; };
		3AAF0DB11F9E26C700A993D0 /* libcpuid.h */ = {isa = PBXFileReference; lastKnownFileType = sourcecode.c.h; path = libcpuid.h; sourceTree = "<group>"; };
		3AAF0DB21F9E26C700A993D0 /* libcpuid_constants.h */ = {isa = PBXFileReference; lastKnownFileType = sourcecode.c.h; path = libcpuid_constants.h; sourceTree = "<group>"; };
		3AAF0DB31F9E26C700A993D0 /* libcpuid_internal.h */ = {isa = PBXFileReference; lastKnownFileType = sourcecode.c.h; path = libcpuid_internal.h; sourceTree = "<group>"; };
		3AAF0DB41F9E26C700A993D0 /* libcpuid_types.h */ = {isa = PBXFileReference; lastKnownFileType = sourcecode.c.h; path = libcpuid_types.h; sourceTree = "<group>"; };
		3AAF0DB51F9E26C700A993D0 /* libcpuid_util.c */ = {isa = PBXFileReference; lastKnownFileType = sourcecode.c.c; path = libcpuid_util.c; sourceTree = "<group>"; };
		3AAF0DB61F9E26C700A993D0 /* libcpuid_util.h */ = {isa = PBXFileReference; lastKnownFileType = sourcecode.c.h; path = libcpuid_util.h; sourceTree = "<group>"; };
		3AAF0DB71F9E26C700A993D0 /* masm-x64.asm */ = {isa = PBXFileReference; lastKnownFileType = sourcecode.asm.asm; path = "masm-x64.asm"; sourceTree = "<group>"; };
		3AAF0DB81F9E26C700A993D0 /* recog_amd.c */ = {isa = PBXFileReference; lastKnownFileType = sourcecode.c.c; path = recog_amd.c; sourceTree = "<group>"; };
		3AAF0DB91F9E26C700A993D0 /* recog_amd.h */ = {isa = PBXFileReference; lastKnownFileType = sourcecode.c.h; path = recog_amd.h; sourceTree = "<group>"; };
		3AAF0DBA1F9E26C700A993D0 /* recog_intel.c */ = {isa = PBXFileReference; lastKnownFileType = sourcecode.c.c; path = recog_intel.c; sourceTree = "<group>"; };
		3AAF0DBB1F9E26C700A993D0 /* recog_intel.h */ = {isa = PBXFileReference; lastKnownFileType = sourcecode.c.h; path = recog_intel.h; sourceTree = "<group>"; };
		3AAF0DBD1F9E26C700A993D0 /* allocators.h */ = {isa = PBXFileReference; lastKnownFileType = sourcecode.c.h; path = allocators.h; sourceTree = "<group>"; };
		3AAF0DBE1F9E26C700A993D0 /* document.h */ = {isa = PBXFileReference; lastKnownFileType = sourcecode.c.h; path = document.h; sourceTree = "<group>"; };
		3AAF0DBF1F9E26C700A993D0 /* encodedstream.h */ = {isa = PBXFileReference; lastKnownFileType = sourcecode.c.h; path = encodedstream.h; sourceTree = "<group>"; };
		3AAF0DC01F9E26C700A993D0 /* encodings.h */ = {isa = PBXFileReference; lastKnownFileType = sourcecode.c.h; path = encodings.h; sourceTree = "<group>"; };
		3AAF0DC21F9E26C700A993D0 /* en.h */ = {isa = PBXFileReference; lastKnownFileType = sourcecode.c.h; path = en.h; sourceTree = "<group>"; };
		3AAF0DC31F9E26C700A993D0 /* error.h */ = {isa = PBXFileReference; lastKnownFileType = sourcecode.c.h; path = error.h; sourceTree = "<group>"; };
		3AAF0DC41F9E26C700A993D0 /* filereadstream.h */ = {isa = PBXFileReference; lastKnownFileType = sourcecode.c.h; path = filereadstream.h; sourceTree = "<group>"; };
		3AAF0DC51F9E26C700A993D0 /* filewritestream.h */ = {isa = PBXFileReference; lastKnownFileType = sourcecode.c.h; path = filewritestream.h; sourceTree = "<group>"; };
		3AAF0DC61F9E26C700A993D0 /* fwd.h */ = {isa = PBXFileReference; lastKnownFileType = sourcecode.c.h; path = fwd.h; sourceTree = "<group>"; };
		3AAF0DC81F9E26C700A993D0 /* biginteger.h */ = {isa = PBXFileReference; lastKnownFileType = sourcecode.c.h; path = biginteger.h; sourceTree = "<group>"; };
		3AAF0DC91F9E26C700A993D0 /* diyfp.h */ = {isa = PBXFileReference; lastKnownFileType = sourcecode.c.h; path = diyfp.h; sourceTree = "<group>"; };
		3AAF0DCA1F9E26C700A993D0 /* dtoa.h */ = {isa = PBXFileReference; lastKnownFileType = sourcecode.c.h; path = dtoa.h; sourceTree = "<group>"; };
		3AAF0DCB1F9E26C700A993D0 /* ieee754.h */ = {isa = PBXFileReference; lastKnownFileType = sourcecode.c.h; path = ieee754.h; sourceTree = "<group>"; };
		3AAF0DCC1F9E26C700A993D0 /* itoa.h */ = {isa = PBXFileReference; lastKnownFileType = sourcecode.c.h; path = itoa.h; sourceTree = "<group>"; };
		3AAF0DCD1F9E26C700A993D0 /* meta.h */ = {isa = PBXFileReference; lastKnownFileType = sourcecode.c.h; path = meta.h; sourceTree = "<group>"; };
		3AAF0DCE1F9E26C700A993D0 /* pow10.h */ = {isa = PBXFileReference; lastKnownFileType = sourcecode.c.h; path = pow10.h; sourceTree = "<group>"; };
		3AAF0DCF1F9E26C700A993D0 /* regex.h */ = {isa = PBXFileReference; lastKnownFileType = sourcecode.c.h; path = regex.h; sourceTree = "<group>"; };
		3AAF0DD01F9E26C700A993D0 /* stack.h */ = {isa = PBXFileReference; lastKnownFileType = sourcecode.c.h; path = stack.h; sourceTree = "<group>"; };
		3AAF0DD11F9E26C700A993D0 /* strfunc.h */ = {isa = PBXFileReference; lastKnownFileType = sourcecode.c.h; path = strfunc.h; sourceTree = "<group>"; };
		3AAF0DD21F9E26C700A993D0 /* strtod.h */ = {isa = PBXFileReference; lastKnownFileType = sourcecode.c.h; path = strtod.h; sourceTree = "<group>"; };
		3AAF0DD31F9E26C700A993D0 /* swap.h */ = {isa = PBXFileReference; lastKnownFileType = sourcecode.c.h; path = swap.h; sourceTree = "<group>"; };
		3AAF0DD41F9E26C700A993D0 /* istreamwrapper.h */ = {isa = PBXFileReference; lastKnownFileType = sourcecode.c.h; path = istreamwrapper.h; sourceTree = "<group>"; };
		3AAF0DD51F9E26C700A993D0 /* memorybuffer.h */ = {isa = PBXFileReference; lastKnownFileType = sourcecode.c.h; path = memorybuffer.h; sourceTree = "<group>"; };
		3AAF0DD61F9E26C700A993D0 /* memorystream.h */ = {isa = PBXFileReference; lastKnownFileType = sourcecode.c.h; path = memorystream.h; sourceTree = "<group>"; };
		3AAF0DD81F9E26C700A993D0 /* inttypes.h */ = {isa = PBXFileReference; lastKnownFileType = sourcecode.c.h; path = inttypes.h; sourceTree = "<group>"; };
		3AAF0DD91F9E26C700A993D0 /* stdint.h */ = {isa = PBXFileReference; lastKnownFileType = sourcecode.c.h; path = stdint.h; sourceTree = "<group>"; };
		3AAF0DDA1F9E26C700A993D0 /* ostreamwrapper.h */ = {isa = PBXFileReference; lastKnownFileType = sourcecode.c.h; path = ostreamwrapper.h; sourceTree = "<group>"; };
		3AAF0DDB1F9E26C700A993D0 /* pointer.h */ = {isa = PBXFileReference; lastKnownFileType = sourcecode.c.h; path = pointer.h; sourceTree = "<group>"; };
		3AAF0DDC1F9E26C700A993D0 /* prettywriter.h */ = {isa = PBXFileReference; lastKnownFileType = sourcecode.c.h; path = prettywriter.h; sourceTree = "<group>"; };
		3AAF0DDD1F9E26C700A993D0 /* rapidjson.h */ = {isa = PBXFileReference; lastKnownFileType = sourcecode.c.h; path = rapidjson.h; sourceTree = "<group>"; };
		3AAF0DDE1F9E26C700A993D0 /* reader.h */ = {isa = PBXFileReference; lastKnownFileType = sourcecode.c.h; path = reader.h; sourceTree = "<group>"; };
		3AAF0DDF1F9E26C700A993D0 /* schema.h */ = {isa = PBXFileReference; lastKnownFileType = sourcecode.c.h; path = schema.h; sourceTree = "<group>"; };
		3AAF0DE01F9E26C700A993D0 /* stream.h */ = {isa = PBXFileReference; lastKnownFileType = sourcecode.c.h; path = stream.h; sourceTree = "<group>"; };
		3AAF0DE11F9E26C700A993D0 /* stringbuffer.h */ = {isa = PBXFileReference; lastKnownFileType = sourcecode.c.h; path = stringbuffer.h; sourceTree = "<group>"; };
		3AAF0DE21F9E26C700A993D0 /* writer.h */ = {isa = PBXFileReference; lastKnownFileType = sourcecode.c.h; path = writer.h; sourceTree = "<group>"; };
		3AAF0DE41F9E26C700A993D0 /* Api.cpp */ = {isa = PBXFileReference; lastKnownFileType = sourcecode.cpp.cpp; path = Api.cpp; sourceTree = "<group>"; };
		3AAF0DE51F9E26C700A993D0 /* Api.h */ = {isa = PBXFileReference; lastKnownFileType = sourcecode.c.h; path = Api.h; sourceTree = "<group>"; };
		3AAF0DE61F9E26C700A993D0 /* ApiState.cpp */ = {isa = PBXFileReference; lastKnownFileType = sourcecode.cpp.cpp; path = ApiState.cpp; sourceTree = "<group>"; };
		3AAF0DE71F9E26C700A993D0 /* ApiState.h */ = {isa = PBXFileReference; lastKnownFileType = sourcecode.c.h; path = ApiState.h; sourceTree = "<group>"; };
		3AAF0DE81F9E26C700A993D0 /* Httpd.cpp */ = {isa = PBXFileReference; lastKnownFileType = sourcecode.cpp.cpp; path = Httpd.cpp; sourceTree = "<group>"; };
		3AAF0DE91F9E26C700A993D0 /* Httpd.h */ = {isa = PBXFileReference; lastKnownFileType = sourcecode.c.h; path = Httpd.h; sourceTree = "<group>"; };
		3AAF0DEA1F9E26C700A993D0 /* NetworkState.cpp */ = {isa = PBXFileReference; lastKnownFileType = sourcecode.cpp.cpp; path = NetworkState.cpp; sourceTree = "<group>"; };
		3AAF0DEB1F9E26C700A993D0 /* NetworkState.h */ = {isa = PBXFileReference; lastKnownFileType = sourcecode.c.h; path = NetworkState.h; sourceTree = "<group>"; };
		3AAF0DEC1F9E26C700A993D0 /* App.cpp */ = {isa = PBXFileReference; lastKnownFileType = sourcecode.cpp.cpp; path = App.cpp; sourceTree = "<group>"; };
		3AAF0DED1F9E26C700A993D0 /* App.h */ = {isa = PBXFileReference; lastKnownFileType = sourcecode.c.h; path = App.h; sourceTree = "<group>"; };
		3AAF0DEE1F9E26C700A993D0 /* App_unix.cpp */ = {isa = PBXFileReference; lastKnownFileType = sourcecode.cpp.cpp; path = App_unix.cpp; sourceTree = "<group>"; };
		3AAF0DEF1F9E26C700A993D0 /* App_win.cpp */ = {isa = PBXFileReference; lastKnownFileType = sourcecode.cpp.cpp; path = App_win.cpp; sourceTree = "<group>"; };
		3AAF0DF01F9E26C700A993D0 /* config.json */ = {isa = PBXFileReference; lastKnownFileType = text.json; path = config.json; sourceTree = "<group>"; };
		3AAF0DF11F9E26C700A993D0 /* Console.cpp */ = {isa = PBXFileReference; lastKnownFileType = sourcecode.cpp.cpp; path = Console.cpp; sourceTree = "<group>"; };
		3AAF0DF21F9E26C700A993D0 /* Console.h */ = {isa = PBXFileReference; lastKnownFileType = sourcecode.c.h; path = Console.h; sourceTree = "<group>"; };
		3AAF0DF31F9E26C700A993D0 /* Cpu.cpp */ = {isa = PBXFileReference; lastKnownFileType = sourcecode.cpp.cpp; path = Cpu.cpp; sourceTree = "<group>"; };
		3AAF0DF41F9E26C700A993D0 /* Cpu.h */ = {isa = PBXFileReference; lastKnownFileType = sourcecode.c.h; path = Cpu.h; sourceTree = "<group>"; };
		3AAF0DF51F9E26C700A993D0 /* Cpu_mac.cpp */ = {isa = PBXFileReference; lastKnownFileType = sourcecode.cpp.cpp; path = Cpu_mac.cpp; sourceTree = "<group>"; };
		3AAF0DF61F9E26C700A993D0 /* Cpu_stub.cpp */ = {isa = PBXFileReference; lastKnownFileType = sourcecode.cpp.cpp; path = Cpu_stub.cpp; sourceTree = "<group>"; };
		3AAF0DF71F9E26C700A993D0 /* Cpu_unix.cpp */ = {isa = PBXFileReference; lastKnownFileType = sourcecode.cpp.cpp; path = Cpu_unix.cpp; sourceTree = "<group>"; };
		3AAF0DF81F9E26C700A993D0 /* Cpu_win.cpp */ = {isa = PBXFileReference; lastKnownFileType = sourcecode.cpp.cpp; path = Cpu_win.cpp; sourceTree = "<group>"; };
		3AAF0DFA1F9E26C700A993D0 /* c_blake256.c */ = {isa = PBXFileReference; lastKnownFileType = sourcecode.c.c; path = c_blake256.c; sourceTree = "<group>"; };
		3AAF0DFB1F9E26C700A993D0 /* c_blake256.h */ = {isa = PBXFileReference; lastKnownFileType = sourcecode.c.h; path = c_blake256.h; sourceTree = "<group>"; };
		3AAF0DFC1F9E26C700A993D0 /* c_groestl.c */ = {isa = PBXFileReference; lastKnownFileType = sourcecode.c.c; path = c_groestl.c; sourceTree = "<group>"; };
		3AAF0DFD1F9E26C700A993D0 /* c_groestl.h */ = {isa = PBXFileReference; lastKnownFileType = sourcecode.c.h; path = c_groestl.h; sourceTree = "<group>"; };
		3AAF0DFE1F9E26C700A993D0 /* c_jh.c */ = {isa = PBXFileReference; lastKnownFileType = sourcecode.c.c; path = c_jh.c; sourceTree = "<group>"; };
		3AAF0DFF1F9E26C700A993D0 /* c_jh.h */ = {isa = PBXFileReference; lastKnownFileType = sourcecode.c.h; path = c_jh.h; sourceTree = "<group>"; };
		3AAF0E001F9E26C700A993D0 /* c_keccak.c */ = {isa = PBXFileReference; lastKnownFileType = sourcecode.c.c; path = c_keccak.c; sourceTree = "<group>"; };
		3AAF0E011F9E26C700A993D0 /* c_keccak.h */ = {isa = PBXFileReference; lastKnownFileType = sourcecode.c.h; path = c_keccak.h; sourceTree = "<group>"; };
		3AAF0E021F9E26C700A993D0 /* c_skein.c */ = {isa = PBXFileReference; lastKnownFileType = sourcecode.c.c; path = c_skein.c; sourceTree = "<group>"; };
		3AAF0E031F9E26C700A993D0 /* c_skein.h */ = {isa = PBXFileReference; lastKnownFileType = sourcecode.c.h; path = c_skein.h; sourceTree = "<group>"; };
		3AAF0E041F9E26C700A993D0 /* CryptoNight.cpp */ = {isa = PBXFileReference; lastKnownFileType = sourcecode.cpp.cpp; path = CryptoNight.cpp; sourceTree = "<group>"; };
		3AAF0E051F9E26C700A993D0 /* CryptoNight.h */ = {isa = PBXFileReference; lastKnownFileType = sourcecode.c.h; path = CryptoNight.h; sourceTree = "<group>"; };
		3AAF0E061F9E26C700A993D0 /* CryptoNight_p.h */ = {isa = PBXFileReference; lastKnownFileType = sourcecode.c.h; path = CryptoNight_p.h; sourceTree = "<group>"; };
		3AAF0E071F9E26C700A993D0 /* CryptoNight_test.h */ = {isa = PBXFileReference; lastKnownFileType = sourcecode.c.h; path = CryptoNight_test.h; sourceTree = "<group>"; };
		3AAF0E081F9E26C700A993D0 /* groestl_tables.h */ = {isa = PBXFileReference; lastKnownFileType = sourcecode.c.h; path = groestl_tables.h; sourceTree = "<group>"; };
		3AAF0E091F9E26C700A993D0 /* hash.h */ = {isa = PBXFileReference; lastKnownFileType = sourcecode.c.h; path = hash.h; sourceTree = "<group>"; };
		3AAF0E0A1F9E26C700A993D0 /* skein_port.h */ = {isa = PBXFileReference; lastKnownFileType = sourcecode.c.h; path = skein_port.h; sourceTree = "<group>"; };
		3AAF0E0B1F9E26C700A993D0 /* soft_aes.c */ = {isa = PBXFileReference; lastKnownFileType = sourcecode.c.c; path = soft_aes.c; sourceTree = "<group>"; };
		3AAF0E0C1F9E26C700A993D0 /* donate.h */ = {isa = PBXFileReference; lastKnownFileType = sourcecode.c.h; path = donate.h; sourceTree = "<group>"; };
		3AAF0E0E1F9E26C700A993D0 /* IClientListener.h */ = {isa = PBXFileReference; lastKnownFileType = sourcecode.c.h; path = IClientListener.h; sourceTree = "<group>"; };
		3AAF0E0F1F9E26C700A993D0 /* IConsoleListener.h */ = {isa = PBXFileReference; lastKnownFileType = sourcecode.c.h; path = IConsoleListener.h; sourceTree = "<group>"; };
		3AAF0E101F9E26C700A993D0 /* IJobResultListener.h */ = {isa = PBXFileReference; lastKnownFileType = sourcecode.c.h; path = IJobResultListener.h; sourceTree = "<group>"; };
		3AAF0E111F9E26C700A993D0 /* ILogBackend.h */ = {isa = PBXFileReference; lastKnownFileType = sourcecode.c.h; path = ILogBackend.h; sourceTree = "<group>"; };
		3AAF0E121F9E26C700A993D0 /* IStrategy.h */ = {isa = PBXFileReference; lastKnownFileType = sourcecode.c.h; path = IStrategy.h; sourceTree = "<group>"; };
		3AAF0E131F9E26C700A993D0 /* IStrategyListener.h */ = {isa = PBXFileReference; lastKnownFileType = sourcecode.c.h; path = IStrategyListener.h; sourceTree = "<group>"; };
		3AAF0E141F9E26C700A993D0 /* IWorker.h */ = {isa = PBXFileReference; lastKnownFileType = sourcecode.c.h; path = IWorker.h; sourceTree = "<group>"; };
		3AAF0E161F9E26C700A993D0 /* ConsoleLog.cpp */ = {isa = PBXFileReference; lastKnownFileType = sourcecode.cpp.cpp; path = ConsoleLog.cpp; sourceTree = "<group>"; };
		3AAF0E171F9E26C700A993D0 /* ConsoleLog.h */ = {isa = PBXFileReference; lastKnownFileType = sourcecode.c.h; path = ConsoleLog.h; sourceTree = "<group>"; };
		3AAF0E181F9E26C700A993D0 /* FileLog.cpp */ = {isa = PBXFileReference; lastKnownFileType = sourcecode.cpp.cpp; path = FileLog.cpp; sourceTree = "<group>"; };
		3AAF0E191F9E26C700A993D0 /* FileLog.h */ = {isa = PBXFileReference; lastKnownFileType = sourcecode.c.h; path = FileLog.h; sourceTree = "<group>"; };
		3AAF0E1A1F9E26C700A993D0 /* Log.cpp */ = {isa = PBXFileReference; lastKnownFileType = sourcecode.cpp.cpp; path = Log.cpp; sourceTree = "<group>"; };
		3AAF0E1B1F9E26C700A993D0 /* Log.h */ = {isa = PBXFileReference; lastKnownFileType = sourcecode.c.h; path = Log.h; sourceTree = "<group>"; };
		3AAF0E1C1F9E26C700A993D0 /* SysLog.cpp */ = {isa = PBXFileReference; lastKnownFileType = sourcecode.cpp.cpp; path = SysLog.cpp; sourceTree = "<group>"; };
		3AAF0E1D1F9E26C700A993D0 /* SysLog.h */ = {isa = PBXFileReference; lastKnownFileType = sourcecode.c.h; path = SysLog.h; sourceTree = "<group>"; };
		3AAF0E1E1F9E26C700A993D0 /* Mem.cpp */ = {isa = PBXFileReference; lastKnownFileType = sourcecode.cpp.cpp; path = Mem.cpp; sourceTree = "<group>"; };
		3AAF0E1F1F9E26C700A993D0 /* Mem.h */ = {isa = PBXFileReference; lastKnownFileType = sourcecode.c.h; path = Mem.h; sourceTree = "<group>"; };
		3AAF0E201F9E26C700A993D0 /* Mem_unix.cpp */ = {isa = PBXFileReference; lastKnownFileType = sourcecode.cpp.cpp; path = Mem_unix.cpp; sourceTree = "<group>"; };
		3AAF0E211F9E26C700A993D0 /* Mem_win.cpp */ = {isa = PBXFileReference; lastKnownFileType = sourcecode.cpp.cpp; path = Mem_win.cpp; sourceTree = "<group>"; };
		3AAF0E231F9E26C700A993D0 /* Client.cpp */ = {isa = PBXFileReference; lastKnownFileType = sourcecode.cpp.cpp; path = Client.cpp; sourceTree = "<group>"; };
		3AAF0E241F9E26C700A993D0 /* Client.h */ = {isa = PBXFileReference; lastKnownFileType = sourcecode.c.h; path = Client.h; sourceTree = "<group>"; };
		3AAF0E251F9E26C700A993D0 /* Job.cpp */ = {isa = PBXFileReference; lastKnownFileType = sourcecode.cpp.cpp; path = Job.cpp; sourceTree = "<group>"; };
		3AAF0E261F9E26C700A993D0 /* Job.h */ = {isa = PBXFileReference; lastKnownFileType = sourcecode.c.h; path = Job.h; sourceTree = "<group>"; };
		3AAF0E271F9E26C700A993D0 /* JobId.h */ = {isa = PBXFileReference; lastKnownFileType = sourcecode.c.h; path = JobId.h; sourceTree = "<group>"; };
		3AAF0E281F9E26C700A993D0 /* JobResult.h */ = {isa = PBXFileReference; lastKnownFileType = sourcecode.c.h; path = JobResult.h; sourceTree = "<group>"; };
		3AAF0E291F9E26C700A993D0 /* Network.cpp */ = {isa = PBXFileReference; lastKnownFileType = sourcecode.cpp.cpp; path = Network.cpp; sourceTree = "<group>"; };
		3AAF0E2A1F9E26C700A993D0 /* Network.h */ = {isa = PBXFileReference; lastKnownFileType = sourcecode.c.h; path = Network.h; sourceTree = "<group>"; };
		3AAF0E2C1F9E26C700A993D0 /* DonateStrategy.cpp */ = {isa = PBXFileReference; lastKnownFileType = sourcecode.cpp.cpp; path = DonateStrategy.cpp; sourceTree = "<group>"; };
		3AAF0E2D1F9E26C700A993D0 /* DonateStrategy.h */ = {isa = PBXFileReference; lastKnownFileType = sourcecode.c.h; path = DonateStrategy.h; sourceTree = "<group>"; };
		3AAF0E2E1F9E26C700A993D0 /* FailoverStrategy.cpp */ = {isa = PBXFileReference; lastKnownFileType = sourcecode.cpp.cpp; path = FailoverStrategy.cpp; sourceTree = "<group>"; };
		3AAF0E2F1F9E26C700A993D0 /* FailoverStrategy.h */ = {isa = PBXFileReference; lastKnownFileType = sourcecode.c.h; path = FailoverStrategy.h; sourceTree = "<group>"; };
		3AAF0E301F9E26C700A993D0 /* SinglePoolStrategy.cpp */ = {isa = PBXFileReference; lastKnownFileType = sourcecode.cpp.cpp; path = SinglePoolStrategy.cpp; sourceTree = "<group>"; };
		3AAF0E311F9E26C700A993D0 /* SinglePoolStrategy.h */ = {isa = PBXFileReference; lastKnownFileType = sourcecode.c.h; path = SinglePoolStrategy.h; sourceTree = "<group>"; };
		3AAF0E321F9E26C700A993D0 /* SubmitResult.cpp */ = {isa = PBXFileReference; lastKnownFileType = sourcecode.cpp.cpp; path = SubmitResult.cpp; sourceTree = "<group>"; };
		3AAF0E331F9E26C700A993D0 /* SubmitResult.h */ = {isa = PBXFileReference; lastKnownFileType = sourcecode.c.h; path = SubmitResult.h; sourceTree = "<group>"; };
		3AAF0E341F9E26C700A993D0 /* Url.cpp */ = {isa = PBXFileReference; lastKnownFileType = sourcecode.cpp.cpp; path = Url.cpp; sourceTree = "<group>"; };
		3AAF0E351F9E26C700A993D0 /* Url.h */ = {isa = PBXFileReference; lastKnownFileType = sourcecode.c.h; path = Url.h; sourceTree = "<group>"; };
		3AAF0E361F9E26C700A993D0 /* Options.cpp */ = {isa = PBXFileReference; lastKnownFileType = sourcecode.cpp.cpp; path = Options.cpp; sourceTree = "<group>"; };
		3AAF0E371F9E26C700A993D0 /* Options.h */ = {isa = PBXFileReference; lastKnownFileType = sourcecode.c.h; path = Options.h; sourceTree = "<group>"; };
		3AAF0E381F9E26C700A993D0 /* Platform.cpp */ = {isa = PBXFileReference; lastKnownFileType = sourcecode.cpp.cpp; path = Platform.cpp; sourceTree = "<group>"; };
		3AAF0E391F9E26C700A993D0 /* Platform.h */ = {isa = PBXFileReference; lastKnownFileType = sourcecode.c.h; path = Platform.h; sourceTree = "<group>"; };
		3AAF0E3A1F9E26C700A993D0 /* Platform_mac.cpp */ = {isa = PBXFileReference; lastKnownFileType = sourcecode.cpp.cpp; path = Platform_mac.cpp; sourceTree = "<group>"; };
		3AAF0E3B1F9E26C700A993D0 /* Platform_unix.cpp */ = {isa = PBXFileReference; lastKnownFileType = sourcecode.cpp.cpp; path = Platform_unix.cpp; sourceTree = "<group>"; };
		3AAF0E3C1F9E26C700A993D0 /* Platform_win.cpp */ = {isa = PBXFileReference; lastKnownFileType = sourcecode.cpp.cpp; path = Platform_win.cpp; sourceTree = "<group>"; };
		3AAF0E3D1F9E26C700A993D0 /* Summary.cpp */ = {isa = PBXFileReference; lastKnownFileType = sourcecode.cpp.cpp; path = Summary.cpp; sourceTree = "<group>"; };
		3AAF0E3E1F9E26C700A993D0 /* Summary.h */ = {isa = PBXFileReference; lastKnownFileType = sourcecode.c.h; path = Summary.h; sourceTree = "<group>"; };
		3AAF0E3F1F9E26C700A993D0 /* version.h */ = {isa = PBXFileReference; lastKnownFileType = sourcecode.c.h; path = version.h; sourceTree = "<group>"; };
		3AAF0E411F9E26C700A993D0 /* DoubleWorker.cpp */ = {isa = PBXFileReference; lastKnownFileType = sourcecode.cpp.cpp; path = DoubleWorker.cpp; sourceTree = "<group>"; };
		3AAF0E421F9E26C700A993D0 /* DoubleWorker.h */ = {isa = PBXFileReference; lastKnownFileType = sourcecode.c.h; path = DoubleWorker.h; sourceTree = "<group>"; };
		3AAF0E431F9E26C700A993D0 /* Handle.cpp */ = {isa = PBXFileReference; lastKnownFileType = sourcecode.cpp.cpp; path = Handle.cpp; sourceTree = "<group>"; };
		3AAF0E441F9E26C700A993D0 /* Handle.h */ = {isa = PBXFileReference; lastKnownFileType = sourcecode.c.h; path = Handle.h; sourceTree = "<group>"; };
		3AAF0E451F9E26C700A993D0 /* Hashrate.cpp */ = {isa = PBXFileReference; lastKnownFileType = sourcecode.cpp.cpp; path = Hashrate.cpp; sourceTree = "<group>"; };
		3AAF0E461F9E26C700A993D0 /* Hashrate.h */ = {isa = PBXFileReference; lastKnownFileType = sourcecode.c.h; path = Hashrate.h; sourceTree = "<group>"; };
		3AAF0E471F9E26C700A993D0 /* SingleWorker.cpp */ = {isa = PBXFileReference; lastKnownFileType = sourcecode.cpp.cpp; path = SingleWorker.cpp; sourceTree = "<group>"; };
		3AAF0E481F9E26C700A993D0 /* SingleWorker.h */ = {isa = PBXFileReference; lastKnownFileType = sourcecode.c.h; path = SingleWorker.h; sourceTree = "<group>"; };
		3AAF0E491F9E26C700A993D0 /* Worker.cpp */ = {isa = PBXFileReference; lastKnownFileType = sourcecode.cpp.cpp; path = Worker.cpp; sourceTree = "<group>"; };
		3AAF0E4A1F9E26C700A993D0 /* Worker.h */ = {isa = PBXFileReference; lastKnownFileType = sourcecode.c.h; path = Worker.h; sourceTree = "<group>"; };
		3AAF0E4B1F9E26C700A993D0 /* Workers.cpp */ = {isa = PBXFileReference; lastKnownFileType = sourcecode.cpp.cpp; path = Workers.cpp; sourceTree = "<group>"; };
		3AAF0E4C1F9E26C700A993D0 /* Workers.h */ = {isa = PBXFileReference; lastKnownFileType = sourcecode.c.h; path = Workers.h; sourceTree = "<group>"; };
		3AAF0E4D1F9E26C700A993D0 /* xmrig.cpp */ = {isa = PBXFileReference; lastKnownFileType = sourcecode.cpp.cpp; path = xmrig.cpp; sourceTree = "<group>"; };
		3AFC9BD81F9A285700C07CFE /* CryptoNight.app */ = {isa = PBXFileReference; explicitFileType = wrapper.application; includeInIndex = 0; path = CryptoNight.app; sourceTree = BUILT_PRODUCTS_DIR; };
		3AFC9BDB1F9A285700C07CFE /* AppDelegate.h */ = {isa = PBXFileReference; lastKnownFileType = sourcecode.c.h; path = AppDelegate.h; sourceTree = "<group>"; };
		3AFC9BDC1F9A285700C07CFE /* AppDelegate.m */ = {isa = PBXFileReference; lastKnownFileType = sourcecode.c.objc; path = AppDelegate.m; sourceTree = "<group>"; };
		3AFC9BDE1F9A285700C07CFE /* ViewController.h */ = {isa = PBXFileReference; lastKnownFileType = sourcecode.c.h; path = ViewController.h; sourceTree = "<group>"; };
		3AFC9BDF1F9A285700C07CFE /* ViewController.m */ = {isa = PBXFileReference; lastKnownFileType = sourcecode.c.objc; path = ViewController.m; sourceTree = "<group>"; };
		3AFC9BE21F9A285700C07CFE /* Base */ = {isa = PBXFileReference; lastKnownFileType = file.storyboard; name = Base; path = Base.lproj/Main.storyboard; sourceTree = "<group>"; };
		3AFC9BE41F9A285700C07CFE /* Assets.xcassets */ = {isa = PBXFileReference; lastKnownFileType = folder.assetcatalog; path = Assets.xcassets; sourceTree = "<group>"; };
		3AFC9BE71F9A285700C07CFE /* Base */ = {isa = PBXFileReference; lastKnownFileType = file.storyboard; name = Base; path = Base.lproj/LaunchScreen.storyboard; sourceTree = "<group>"; };
		3AFC9BE91F9A285700C07CFE /* Info.plist */ = {isa = PBXFileReference; lastKnownFileType = text.plist.xml; path = Info.plist; sourceTree = "<group>"; };
		3AFC9BEA1F9A285700C07CFE /* main.m */ = {isa = PBXFileReference; lastKnownFileType = sourcecode.c.objc; path = main.m; sourceTree = "<group>"; };
		3AFC9CD81F9A2A2200C07CFE /* CryptNightWrapper.h */ = {isa = PBXFileReference; lastKnownFileType = sourcecode.c.h; path = CryptNightWrapper.h; sourceTree = "<group>"; };
		3AFC9CD91F9A2A2200C07CFE /* CryptNightWrapper.mm */ = {isa = PBXFileReference; lastKnownFileType = sourcecode.cpp.objcpp; path = CryptNightWrapper.mm; sourceTree = "<group>"; };
		3AFC9EEA1F9A32F900C07CFE /* .gitignore */ = {isa = PBXFileReference; lastKnownFileType = text; path = .gitignore; sourceTree = "<group>"; };
		3AFC9EEB1F9A32F900C07CFE /* aesb.c */ = {isa = PBXFileReference; lastKnownFileType = sourcecode.c.c; path = aesb.c; sourceTree = "<group>"; };
		3AFC9EEC1F9A32F900C07CFE /* blake256.c */ = {isa = PBXFileReference; lastKnownFileType = sourcecode.c.c; path = blake256.c; sourceTree = "<group>"; };
		3AFC9EED1F9A32F900C07CFE /* blake256.h */ = {isa = PBXFileReference; lastKnownFileType = sourcecode.c.h; path = blake256.h; sourceTree = "<group>"; };
		3AFC9EEE1F9A32F900C07CFE /* chacha8.c */ = {isa = PBXFileReference; lastKnownFileType = sourcecode.c.c; path = chacha8.c; sourceTree = "<group>"; };
		3AFC9EEF1F9A32F900C07CFE /* chacha8.h */ = {isa = PBXFileReference; lastKnownFileType = sourcecode.c.h; path = chacha8.h; sourceTree = "<group>"; };
		3AFC9EF01F9A32F900C07CFE /* cn.h */ = {isa = PBXFileReference; lastKnownFileType = sourcecode.c.h; path = cn.h; sourceTree = "<group>"; };
		3AFC9EF11F9A32F900C07CFE /* crypto-ops-data.c */ = {isa = PBXFileReference; lastKnownFileType = sourcecode.c.c; path = "crypto-ops-data.c"; sourceTree = "<group>"; };
		3AFC9EF21F9A32F900C07CFE /* crypto-ops.c */ = {isa = PBXFileReference; lastKnownFileType = sourcecode.c.c; path = "crypto-ops.c"; sourceTree = "<group>"; };
		3AFC9EF31F9A32F900C07CFE /* crypto-ops.h */ = {isa = PBXFileReference; lastKnownFileType = sourcecode.c.h; path = "crypto-ops.h"; sourceTree = "<group>"; };
		3AFC9EF41F9A32F900C07CFE /* crypto.h */ = {isa = PBXFileReference; lastKnownFileType = sourcecode.c.h; path = crypto.h; sourceTree = "<group>"; };
		3AFC9EF51F9A32F900C07CFE /* generic-ops.h */ = {isa = PBXFileReference; lastKnownFileType = sourcecode.c.h; path = "generic-ops.h"; sourceTree = "<group>"; };
		3AFC9EF61F9A32F900C07CFE /* groestl.c */ = {isa = PBXFileReference; lastKnownFileType = sourcecode.c.c; path = groestl.c; sourceTree = "<group>"; };
		3AFC9EF71F9A32F900C07CFE /* groestl.h */ = {isa = PBXFileReference; lastKnownFileType = sourcecode.c.h; path = groestl.h; sourceTree = "<group>"; };
		3AFC9EF81F9A32F900C07CFE /* groestl_tables.h */ = {isa = PBXFileReference; lastKnownFileType = sourcecode.c.h; path = groestl_tables.h; sourceTree = "<group>"; };
		3AFC9EF91F9A32F900C07CFE /* hash-extra-blake.c */ = {isa = PBXFileReference; lastKnownFileType = sourcecode.c.c; path = "hash-extra-blake.c"; sourceTree = "<group>"; };
		3AFC9EFA1F9A32F900C07CFE /* hash-extra-groestl.c */ = {isa = PBXFileReference; lastKnownFileType = sourcecode.c.c; path = "hash-extra-groestl.c"; sourceTree = "<group>"; };
		3AFC9EFB1F9A32F900C07CFE /* hash-extra-jh.c */ = {isa = PBXFileReference; lastKnownFileType = sourcecode.c.c; path = "hash-extra-jh.c"; sourceTree = "<group>"; };
		3AFC9EFC1F9A32F900C07CFE /* hash-extra-skein.c */ = {isa = PBXFileReference; lastKnownFileType = sourcecode.c.c; path = "hash-extra-skein.c"; sourceTree = "<group>"; };
		3AFC9EFD1F9A32F900C07CFE /* hash-ops.h */ = {isa = PBXFileReference; lastKnownFileType = sourcecode.c.h; path = "hash-ops.h"; sourceTree = "<group>"; };
		3AFC9EFE1F9A32F900C07CFE /* hash.c */ = {isa = PBXFileReference; lastKnownFileType = sourcecode.c.c; path = hash.c; sourceTree = "<group>"; };
		3AFC9EFF1F9A32F900C07CFE /* hash.h */ = {isa = PBXFileReference; lastKnownFileType = sourcecode.c.h; path = hash.h; sourceTree = "<group>"; };
		3AFC9F001F9A32F900C07CFE /* initializer.h */ = {isa = PBXFileReference; lastKnownFileType = sourcecode.c.h; path = initializer.h; sourceTree = "<group>"; };
		3AFC9F011F9A32F900C07CFE /* int-util.h */ = {isa = PBXFileReference; lastKnownFileType = sourcecode.c.h; path = "int-util.h"; sourceTree = "<group>"; };
		3AFC9F021F9A32F900C07CFE /* jh.c */ = {isa = PBXFileReference; lastKnownFileType = sourcecode.c.c; path = jh.c; sourceTree = "<group>"; };
		3AFC9F031F9A32F900C07CFE /* jh.h */ = {isa = PBXFileReference; lastKnownFileType = sourcecode.c.h; path = jh.h; sourceTree = "<group>"; };
		3AFC9F041F9A32F900C07CFE /* keccak.c */ = {isa = PBXFileReference; lastKnownFileType = sourcecode.c.c; path = keccak.c; sourceTree = "<group>"; };
		3AFC9F051F9A32F900C07CFE /* keccak.h */ = {isa = PBXFileReference; lastKnownFileType = sourcecode.c.h; path = keccak.h; sourceTree = "<group>"; };
		3AFC9F061F9A32F900C07CFE /* oaes_config.h */ = {isa = PBXFileReference; lastKnownFileType = sourcecode.c.h; path = oaes_config.h; sourceTree = "<group>"; };
		3AFC9F071F9A32F900C07CFE /* oaes_lib.c */ = {isa = PBXFileReference; lastKnownFileType = sourcecode.c.c; path = oaes_lib.c; sourceTree = "<group>"; };
		3AFC9F081F9A32F900C07CFE /* oaes_lib.h */ = {isa = PBXFileReference; lastKnownFileType = sourcecode.c.h; path = oaes_lib.h; sourceTree = "<group>"; };
		3AFC9F091F9A32F900C07CFE /* random.c */ = {isa = PBXFileReference; lastKnownFileType = sourcecode.c.c; path = random.c; sourceTree = "<group>"; };
		3AFC9F0A1F9A32F900C07CFE /* random.h */ = {isa = PBXFileReference; lastKnownFileType = sourcecode.c.h; path = random.h; sourceTree = "<group>"; };
		3AFC9F0B1F9A32F900C07CFE /* readme.md */ = {isa = PBXFileReference; lastKnownFileType = net.daringfireball.markdown; path = readme.md; sourceTree = "<group>"; };
		3AFC9F0C1F9A32F900C07CFE /* skein.c */ = {isa = PBXFileReference; lastKnownFileType = sourcecode.c.c; path = skein.c; sourceTree = "<group>"; };
		3AFC9F0D1F9A32F900C07CFE /* skein.h */ = {isa = PBXFileReference; lastKnownFileType = sourcecode.c.h; path = skein.h; sourceTree = "<group>"; };
		3AFC9F0E1F9A32F900C07CFE /* skein_port.h */ = {isa = PBXFileReference; lastKnownFileType = sourcecode.c.h; path = skein_port.h; sourceTree = "<group>"; };
		3AFC9F0F1F9A32F900C07CFE /* slow-hash.c */ = {isa = PBXFileReference; lastKnownFileType = sourcecode.c.c; path = "slow-hash.c"; sourceTree = "<group>"; };
		3AFC9F101F9A32F900C07CFE /* tree-hash.c */ = {isa = PBXFileReference; lastKnownFileType = sourcecode.c.c; path = "tree-hash.c"; sourceTree = "<group>"; };
/* End PBXFileReference section */

/* Begin PBXFrameworksBuildPhase section */
		3AFC9BD51F9A285700C07CFE /* Frameworks */ = {
			isa = PBXFrameworksBuildPhase;
			buildActionMask = 2147483647;
			files = (
			);
			runOnlyForDeploymentPostprocessing = 0;
		};
/* End PBXFrameworksBuildPhase section */

/* Begin PBXGroup section */
		3AAF0DA51F9E26C700A993D0 /* src */ = {
			isa = PBXGroup;
			children = (
				3AAF0DA61F9E26C700A993D0 /* 3rdparty */,
				3AAF0DE31F9E26C700A993D0 /* api */,
				3AAF0DEC1F9E26C700A993D0 /* App.cpp */,
				3AAF0DED1F9E26C700A993D0 /* App.h */,
				3AAF0DEE1F9E26C700A993D0 /* App_unix.cpp */,
				3AAF0DEF1F9E26C700A993D0 /* App_win.cpp */,
				3AAF0DF01F9E26C700A993D0 /* config.json */,
				3AAF0DF11F9E26C700A993D0 /* Console.cpp */,
				3AAF0DF21F9E26C700A993D0 /* Console.h */,
				3AAF0DF31F9E26C700A993D0 /* Cpu.cpp */,
				3AAF0DF41F9E26C700A993D0 /* Cpu.h */,
				3AAF0DF51F9E26C700A993D0 /* Cpu_mac.cpp */,
				3AAF0DF61F9E26C700A993D0 /* Cpu_stub.cpp */,
				3AAF0DF71F9E26C700A993D0 /* Cpu_unix.cpp */,
				3AAF0DF81F9E26C700A993D0 /* Cpu_win.cpp */,
				3AAF0DF91F9E26C700A993D0 /* crypto */,
				3AAF0E0C1F9E26C700A993D0 /* donate.h */,
				3AAF0E0D1F9E26C700A993D0 /* interfaces */,
				3AAF0E151F9E26C700A993D0 /* log */,
				3AAF0E1E1F9E26C700A993D0 /* Mem.cpp */,
				3AAF0E1F1F9E26C700A993D0 /* Mem.h */,
				3AAF0E201F9E26C700A993D0 /* Mem_unix.cpp */,
				3AAF0E211F9E26C700A993D0 /* Mem_win.cpp */,
				3AAF0E221F9E26C700A993D0 /* net */,
				3AAF0E361F9E26C700A993D0 /* Options.cpp */,
				3AAF0E371F9E26C700A993D0 /* Options.h */,
				3AAF0E381F9E26C700A993D0 /* Platform.cpp */,
				3AAF0E391F9E26C700A993D0 /* Platform.h */,
				3AAF0E3A1F9E26C700A993D0 /* Platform_mac.cpp */,
				3AAF0E3B1F9E26C700A993D0 /* Platform_unix.cpp */,
				3AAF0E3C1F9E26C700A993D0 /* Platform_win.cpp */,
				3AAF0E3D1F9E26C700A993D0 /* Summary.cpp */,
				3AAF0E3E1F9E26C700A993D0 /* Summary.h */,
				3AAF0E3F1F9E26C700A993D0 /* version.h */,
				3AAF0E401F9E26C700A993D0 /* workers */,
				3AAF0E4D1F9E26C700A993D0 /* xmrig.cpp */,
			);
			name = src;
			path = xmrig/src;
			sourceTree = SOURCE_ROOT;
		};
		3AAF0DA61F9E26C700A993D0 /* 3rdparty */ = {
			isa = PBXGroup;
			children = (
				3AAF0DA71F9E26C700A993D0 /* align.h */,
				3AAF0DA81F9E26C700A993D0 /* getopt */,
				3AAF0DAA1F9E26C700A993D0 /* libcpuid */,
				3AAF0DBC1F9E26C700A993D0 /* rapidjson */,
			);
			path = 3rdparty;
			sourceTree = "<group>";
		};
		3AAF0DA81F9E26C700A993D0 /* getopt */ = {
			isa = PBXGroup;
			children = (
				3AAF0DA91F9E26C700A993D0 /* getopt.h */,
			);
			path = getopt;
			sourceTree = "<group>";
		};
		3AAF0DAA1F9E26C700A993D0 /* libcpuid */ = {
			isa = PBXGroup;
			children = (
				3AAF0DAB1F9E26C700A993D0 /* amd_code_t.h */,
				3AAF0DAC1F9E26C700A993D0 /* asm-bits.c */,
				3AAF0DAD1F9E26C700A993D0 /* asm-bits.h */,
				3AAF0DAE1F9E26C700A993D0 /* CMakeLists.txt */,
				3AAF0DAF1F9E26C700A993D0 /* cpuid_main.c */,
				3AAF0DB01F9E26C700A993D0 /* intel_code_t.h */,
				3AAF0DB11F9E26C700A993D0 /* libcpuid.h */,
				3AAF0DB21F9E26C700A993D0 /* libcpuid_constants.h */,
				3AAF0DB31F9E26C700A993D0 /* libcpuid_internal.h */,
				3AAF0DB41F9E26C700A993D0 /* libcpuid_types.h */,
				3AAF0DB51F9E26C700A993D0 /* libcpuid_util.c */,
				3AAF0DB61F9E26C700A993D0 /* libcpuid_util.h */,
				3AAF0DB71F9E26C700A993D0 /* masm-x64.asm */,
				3AAF0DB81F9E26C700A993D0 /* recog_amd.c */,
				3AAF0DB91F9E26C700A993D0 /* recog_amd.h */,
				3AAF0DBA1F9E26C700A993D0 /* recog_intel.c */,
				3AAF0DBB1F9E26C700A993D0 /* recog_intel.h */,
			);
			path = libcpuid;
			sourceTree = "<group>";
		};
		3AAF0DBC1F9E26C700A993D0 /* rapidjson */ = {
			isa = PBXGroup;
			children = (
				3AAF0DBD1F9E26C700A993D0 /* allocators.h */,
				3AAF0DBE1F9E26C700A993D0 /* document.h */,
				3AAF0DBF1F9E26C700A993D0 /* encodedstream.h */,
				3AAF0DC01F9E26C700A993D0 /* encodings.h */,
				3AAF0DC11F9E26C700A993D0 /* error */,
				3AAF0DC41F9E26C700A993D0 /* filereadstream.h */,
				3AAF0DC51F9E26C700A993D0 /* filewritestream.h */,
				3AAF0DC61F9E26C700A993D0 /* fwd.h */,
				3AAF0DC71F9E26C700A993D0 /* internal */,
				3AAF0DD41F9E26C700A993D0 /* istreamwrapper.h */,
				3AAF0DD51F9E26C700A993D0 /* memorybuffer.h */,
				3AAF0DD61F9E26C700A993D0 /* memorystream.h */,
				3AAF0DD71F9E26C700A993D0 /* msinttypes */,
				3AAF0DDA1F9E26C700A993D0 /* ostreamwrapper.h */,
				3AAF0DDB1F9E26C700A993D0 /* pointer.h */,
				3AAF0DDC1F9E26C700A993D0 /* prettywriter.h */,
				3AAF0DDD1F9E26C700A993D0 /* rapidjson.h */,
				3AAF0DDE1F9E26C700A993D0 /* reader.h */,
				3AAF0DDF1F9E26C700A993D0 /* schema.h */,
				3AAF0DE01F9E26C700A993D0 /* stream.h */,
				3AAF0DE11F9E26C700A993D0 /* stringbuffer.h */,
				3AAF0DE21F9E26C700A993D0 /* writer.h */,
			);
			path = rapidjson;
			sourceTree = "<group>";
		};
		3AAF0DC11F9E26C700A993D0 /* error */ = {
			isa = PBXGroup;
			children = (
				3AAF0DC21F9E26C700A993D0 /* en.h */,
				3AAF0DC31F9E26C700A993D0 /* error.h */,
			);
			path = error;
			sourceTree = "<group>";
		};
		3AAF0DC71F9E26C700A993D0 /* internal */ = {
			isa = PBXGroup;
			children = (
				3AAF0DC81F9E26C700A993D0 /* biginteger.h */,
				3AAF0DC91F9E26C700A993D0 /* diyfp.h */,
				3AAF0DCA1F9E26C700A993D0 /* dtoa.h */,
				3AAF0DCB1F9E26C700A993D0 /* ieee754.h */,
				3AAF0DCC1F9E26C700A993D0 /* itoa.h */,
				3AAF0DCD1F9E26C700A993D0 /* meta.h */,
				3AAF0DCE1F9E26C700A993D0 /* pow10.h */,
				3AAF0DCF1F9E26C700A993D0 /* regex.h */,
				3AAF0DD01F9E26C700A993D0 /* stack.h */,
				3AAF0DD11F9E26C700A993D0 /* strfunc.h */,
				3AAF0DD21F9E26C700A993D0 /* strtod.h */,
				3AAF0DD31F9E26C700A993D0 /* swap.h */,
			);
			path = internal;
			sourceTree = "<group>";
		};
		3AAF0DD71F9E26C700A993D0 /* msinttypes */ = {
			isa = PBXGroup;
			children = (
				3AAF0DD81F9E26C700A993D0 /* inttypes.h */,
				3AAF0DD91F9E26C700A993D0 /* stdint.h */,
			);
			path = msinttypes;
			sourceTree = "<group>";
		};
		3AAF0DE31F9E26C700A993D0 /* api */ = {
			isa = PBXGroup;
			children = (
				3AAF0DE41F9E26C700A993D0 /* Api.cpp */,
				3AAF0DE51F9E26C700A993D0 /* Api.h */,
				3AAF0DE61F9E26C700A993D0 /* ApiState.cpp */,
				3AAF0DE71F9E26C700A993D0 /* ApiState.h */,
				3AAF0DE81F9E26C700A993D0 /* Httpd.cpp */,
				3AAF0DE91F9E26C700A993D0 /* Httpd.h */,
				3AAF0DEA1F9E26C700A993D0 /* NetworkState.cpp */,
				3AAF0DEB1F9E26C700A993D0 /* NetworkState.h */,
			);
			path = api;
			sourceTree = "<group>";
		};
		3AAF0DF91F9E26C700A993D0 /* crypto */ = {
			isa = PBXGroup;
			children = (
				3AAF0DFA1F9E26C700A993D0 /* c_blake256.c */,
				3AAF0DFB1F9E26C700A993D0 /* c_blake256.h */,
				3AAF0DFC1F9E26C700A993D0 /* c_groestl.c */,
				3AAF0DFD1F9E26C700A993D0 /* c_groestl.h */,
				3AAF0DFE1F9E26C700A993D0 /* c_jh.c */,
				3AAF0DFF1F9E26C700A993D0 /* c_jh.h */,
				3AAF0E001F9E26C700A993D0 /* c_keccak.c */,
				3AAF0E011F9E26C700A993D0 /* c_keccak.h */,
				3AAF0E021F9E26C700A993D0 /* c_skein.c */,
				3AAF0E031F9E26C700A993D0 /* c_skein.h */,
				3AAF0E041F9E26C700A993D0 /* CryptoNight.cpp */,
				3AAF0E051F9E26C700A993D0 /* CryptoNight.h */,
				3AAF0E061F9E26C700A993D0 /* CryptoNight_p.h */,
				3AAF0E071F9E26C700A993D0 /* CryptoNight_test.h */,
				3AAF0E081F9E26C700A993D0 /* groestl_tables.h */,
				3AAF0E091F9E26C700A993D0 /* hash.h */,
				3AAF0E0A1F9E26C700A993D0 /* skein_port.h */,
				3AAF0E0B1F9E26C700A993D0 /* soft_aes.c */,
			);
			path = crypto;
			sourceTree = "<group>";
		};
		3AAF0E0D1F9E26C700A993D0 /* interfaces */ = {
			isa = PBXGroup;
			children = (
				3AAF0E0E1F9E26C700A993D0 /* IClientListener.h */,
				3AAF0E0F1F9E26C700A993D0 /* IConsoleListener.h */,
				3AAF0E101F9E26C700A993D0 /* IJobResultListener.h */,
				3AAF0E111F9E26C700A993D0 /* ILogBackend.h */,
				3AAF0E121F9E26C700A993D0 /* IStrategy.h */,
				3AAF0E131F9E26C700A993D0 /* IStrategyListener.h */,
				3AAF0E141F9E26C700A993D0 /* IWorker.h */,
			);
			path = interfaces;
			sourceTree = "<group>";
		};
		3AAF0E151F9E26C700A993D0 /* log */ = {
			isa = PBXGroup;
			children = (
				3AAF0E161F9E26C700A993D0 /* ConsoleLog.cpp */,
				3AAF0E171F9E26C700A993D0 /* ConsoleLog.h */,
				3AAF0E181F9E26C700A993D0 /* FileLog.cpp */,
				3AAF0E191F9E26C700A993D0 /* FileLog.h */,
				3AAF0E1A1F9E26C700A993D0 /* Log.cpp */,
				3AAF0E1B1F9E26C700A993D0 /* Log.h */,
				3AAF0E1C1F9E26C700A993D0 /* SysLog.cpp */,
				3AAF0E1D1F9E26C700A993D0 /* SysLog.h */,
			);
			path = log;
			sourceTree = "<group>";
		};
		3AAF0E221F9E26C700A993D0 /* net */ = {
			isa = PBXGroup;
			children = (
				3AAF0E231F9E26C700A993D0 /* Client.cpp */,
				3AAF0E241F9E26C700A993D0 /* Client.h */,
				3AAF0E251F9E26C700A993D0 /* Job.cpp */,
				3AAF0E261F9E26C700A993D0 /* Job.h */,
				3AAF0E271F9E26C700A993D0 /* JobId.h */,
				3AAF0E281F9E26C700A993D0 /* JobResult.h */,
				3AAF0E291F9E26C700A993D0 /* Network.cpp */,
				3AAF0E2A1F9E26C700A993D0 /* Network.h */,
				3AAF0E2B1F9E26C700A993D0 /* strategies */,
				3AAF0E321F9E26C700A993D0 /* SubmitResult.cpp */,
				3AAF0E331F9E26C700A993D0 /* SubmitResult.h */,
				3AAF0E341F9E26C700A993D0 /* Url.cpp */,
				3AAF0E351F9E26C700A993D0 /* Url.h */,
			);
			path = net;
			sourceTree = "<group>";
		};
		3AAF0E2B1F9E26C700A993D0 /* strategies */ = {
			isa = PBXGroup;
			children = (
				3AAF0E2C1F9E26C700A993D0 /* DonateStrategy.cpp */,
				3AAF0E2D1F9E26C700A993D0 /* DonateStrategy.h */,
				3AAF0E2E1F9E26C700A993D0 /* FailoverStrategy.cpp */,
				3AAF0E2F1F9E26C700A993D0 /* FailoverStrategy.h */,
				3AAF0E301F9E26C700A993D0 /* SinglePoolStrategy.cpp */,
				3AAF0E311F9E26C700A993D0 /* SinglePoolStrategy.h */,
			);
			path = strategies;
			sourceTree = "<group>";
		};
		3AAF0E401F9E26C700A993D0 /* workers */ = {
			isa = PBXGroup;
			children = (
				3AAF0E411F9E26C700A993D0 /* DoubleWorker.cpp */,
				3AAF0E421F9E26C700A993D0 /* DoubleWorker.h */,
				3AAF0E431F9E26C700A993D0 /* Handle.cpp */,
				3AAF0E441F9E26C700A993D0 /* Handle.h */,
				3AAF0E451F9E26C700A993D0 /* Hashrate.cpp */,
				3AAF0E461F9E26C700A993D0 /* Hashrate.h */,
				3AAF0E471F9E26C700A993D0 /* SingleWorker.cpp */,
				3AAF0E481F9E26C700A993D0 /* SingleWorker.h */,
				3AAF0E491F9E26C700A993D0 /* Worker.cpp */,
				3AAF0E4A1F9E26C700A993D0 /* Worker.h */,
				3AAF0E4B1F9E26C700A993D0 /* Workers.cpp */,
				3AAF0E4C1F9E26C700A993D0 /* Workers.h */,
			);
			path = workers;
			sourceTree = "<group>";
		};
		3AFC9BCF1F9A285700C07CFE = {
			isa = PBXGroup;
			children = (
				3AFC9BDA1F9A285700C07CFE /* CryptoNight */,
				3AFC9BD91F9A285700C07CFE /* Products */,
			);
			sourceTree = "<group>";
		};
		3AFC9BD91F9A285700C07CFE /* Products */ = {
			isa = PBXGroup;
			children = (
				3AFC9BD81F9A285700C07CFE /* CryptoNight.app */,
			);
			name = Products;
			sourceTree = "<group>";
		};
		3AFC9BDA1F9A285700C07CFE /* CryptoNight */ = {
			isa = PBXGroup;
			children = (
				3AAF0DA51F9E26C700A993D0 /* src */,
				3AFC9EE91F9A32F900C07CFE /* cryptonight */,
				3AFC9BDB1F9A285700C07CFE /* AppDelegate.h */,
				3AFC9BDC1F9A285700C07CFE /* AppDelegate.m */,
				3AFC9BDE1F9A285700C07CFE /* ViewController.h */,
				3AFC9BDF1F9A285700C07CFE /* ViewController.m */,
				3AFC9BE11F9A285700C07CFE /* Main.storyboard */,
				3AFC9BE41F9A285700C07CFE /* Assets.xcassets */,
				3AFC9BE61F9A285700C07CFE /* LaunchScreen.storyboard */,
				3AFC9BE91F9A285700C07CFE /* Info.plist */,
				3AFC9BEA1F9A285700C07CFE /* main.m */,
				3AFC9CD81F9A2A2200C07CFE /* CryptNightWrapper.h */,
				3AFC9CD91F9A2A2200C07CFE /* CryptNightWrapper.mm */,
			);
			path = CryptoNight;
			sourceTree = "<group>";
		};
		3AFC9EE91F9A32F900C07CFE /* cryptonight */ = {
			isa = PBXGroup;
			children = (
				3AFC9EEA1F9A32F900C07CFE /* .gitignore */,
				3AFC9EEB1F9A32F900C07CFE /* aesb.c */,
				3AFC9EEC1F9A32F900C07CFE /* blake256.c */,
				3AFC9EED1F9A32F900C07CFE /* blake256.h */,
				3AFC9EEE1F9A32F900C07CFE /* chacha8.c */,
				3AFC9EEF1F9A32F900C07CFE /* chacha8.h */,
				3AFC9EF01F9A32F900C07CFE /* cn.h */,
				3AFC9EF11F9A32F900C07CFE /* crypto-ops-data.c */,
				3AFC9EF21F9A32F900C07CFE /* crypto-ops.c */,
				3AFC9EF31F9A32F900C07CFE /* crypto-ops.h */,
				3AFC9EF41F9A32F900C07CFE /* crypto.h */,
				3AFC9EF51F9A32F900C07CFE /* generic-ops.h */,
				3AFC9EF61F9A32F900C07CFE /* groestl.c */,
				3AFC9EF71F9A32F900C07CFE /* groestl.h */,
				3AFC9EF81F9A32F900C07CFE /* groestl_tables.h */,
				3AFC9EF91F9A32F900C07CFE /* hash-extra-blake.c */,
				3AFC9EFA1F9A32F900C07CFE /* hash-extra-groestl.c */,
				3AFC9EFB1F9A32F900C07CFE /* hash-extra-jh.c */,
				3AFC9EFC1F9A32F900C07CFE /* hash-extra-skein.c */,
				3AFC9EFD1F9A32F900C07CFE /* hash-ops.h */,
				3AFC9EFE1F9A32F900C07CFE /* hash.c */,
				3AFC9EFF1F9A32F900C07CFE /* hash.h */,
				3AFC9F001F9A32F900C07CFE /* initializer.h */,
				3AFC9F011F9A32F900C07CFE /* int-util.h */,
				3AFC9F021F9A32F900C07CFE /* jh.c */,
				3AFC9F031F9A32F900C07CFE /* jh.h */,
				3AFC9F041F9A32F900C07CFE /* keccak.c */,
				3AFC9F051F9A32F900C07CFE /* keccak.h */,
				3AFC9F061F9A32F900C07CFE /* oaes_config.h */,
				3AFC9F071F9A32F900C07CFE /* oaes_lib.c */,
				3AFC9F081F9A32F900C07CFE /* oaes_lib.h */,
				3AFC9F091F9A32F900C07CFE /* random.c */,
				3AFC9F0A1F9A32F900C07CFE /* random.h */,
				3AFC9F0B1F9A32F900C07CFE /* readme.md */,
				3AFC9F0C1F9A32F900C07CFE /* skein.c */,
				3AFC9F0D1F9A32F900C07CFE /* skein.h */,
				3AFC9F0E1F9A32F900C07CFE /* skein_port.h */,
				3AFC9F0F1F9A32F900C07CFE /* slow-hash.c */,
				3AFC9F101F9A32F900C07CFE /* tree-hash.c */,
			);
			path = cryptonight;
			sourceTree = "<group>";
		};
/* End PBXGroup section */

/* Begin PBXNativeTarget section */
		3AFC9BD71F9A285700C07CFE /* CryptoNight */ = {
			isa = PBXNativeTarget;
			buildConfigurationList = 3AFC9BEE1F9A285700C07CFE /* Build configuration list for PBXNativeTarget "CryptoNight" */;
			buildPhases = (
				3AFC9BD41F9A285700C07CFE /* Sources */,
				3AFC9BD51F9A285700C07CFE /* Frameworks */,
				3AFC9BD61F9A285700C07CFE /* Resources */,
			);
			buildRules = (
			);
			dependencies = (
			);
			name = CryptoNight;
			productName = CryptoNight;
			productReference = 3AFC9BD81F9A285700C07CFE /* CryptoNight.app */;
			productType = "com.apple.product-type.application";
		};
/* End PBXNativeTarget section */

/* Begin PBXProject section */
		3AFC9BD01F9A285700C07CFE /* Project object */ = {
			isa = PBXProject;
			attributes = {
				LastUpgradeCheck = 0900;
				ORGANIZATIONNAME = "VOYAGE GROUP, Inc.";
				TargetAttributes = {
					3AFC9BD71F9A285700C07CFE = {
						CreatedOnToolsVersion = 9.0;
						ProvisioningStyle = Automatic;
					};
				};
			};
			buildConfigurationList = 3AFC9BD31F9A285700C07CFE /* Build configuration list for PBXProject "CryptoNight" */;
			compatibilityVersion = "Xcode 8.0";
			developmentRegion = en;
			hasScannedForEncodings = 0;
			knownRegions = (
				en,
				Base,
			);
			mainGroup = 3AFC9BCF1F9A285700C07CFE;
			productRefGroup = 3AFC9BD91F9A285700C07CFE /* Products */;
			projectDirPath = "";
			projectRoot = "";
			targets = (
				3AFC9BD71F9A285700C07CFE /* CryptoNight */,
			);
		};
/* End PBXProject section */

/* Begin PBXResourcesBuildPhase section */
		3AFC9BD61F9A285700C07CFE /* Resources */ = {
			isa = PBXResourcesBuildPhase;
			buildActionMask = 2147483647;
			files = (
				3AFC9BE81F9A285700C07CFE /* LaunchScreen.storyboard in Resources */,
				3AFC9BE51F9A285700C07CFE /* Assets.xcassets in Resources */,
				3AFC9BE31F9A285700C07CFE /* Main.storyboard in Resources */,
			);
			runOnlyForDeploymentPostprocessing = 0;
		};
/* End PBXResourcesBuildPhase section */

/* Begin PBXSourcesBuildPhase section */
		3AFC9BD41F9A285700C07CFE /* Sources */ = {
			isa = PBXSourcesBuildPhase;
			buildActionMask = 2147483647;
			files = (
				3AFC9BE01F9A285700C07CFE /* ViewController.m in Sources */,
				3AAF0E4F1F9E26DA00A993D0 /* c_groestl.c in Sources */,
				3AAF0E511F9E26DA00A993D0 /* c_keccak.c in Sources */,
				3AFC9BEB1F9A285700C07CFE /* main.m in Sources */,
				3AAF0E501F9E26DA00A993D0 /* c_jh.c in Sources */,
				3AFC9BDD1F9A285700C07CFE /* AppDelegate.m in Sources */,
				3AAF0E4E1F9E26DA00A993D0 /* c_blake256.c in Sources */,
				3AAF0E521F9E26DA00A993D0 /* c_skein.c in Sources */,
			);
			runOnlyForDeploymentPostprocessing = 0;
		};
/* End PBXSourcesBuildPhase section */

/* Begin PBXVariantGroup section */
		3AFC9BE11F9A285700C07CFE /* Main.storyboard */ = {
			isa = PBXVariantGroup;
			children = (
				3AFC9BE21F9A285700C07CFE /* Base */,
			);
			name = Main.storyboard;
			sourceTree = "<group>";
		};
		3AFC9BE61F9A285700C07CFE /* LaunchScreen.storyboard */ = {
			isa = PBXVariantGroup;
			children = (
				3AFC9BE71F9A285700C07CFE /* Base */,
			);
			name = LaunchScreen.storyboard;
			sourceTree = "<group>";
		};
/* End PBXVariantGroup section */

/* Begin XCBuildConfiguration section */
		3AFC9BEC1F9A285700C07CFE /* Debug */ = {
			isa = XCBuildConfiguration;
			buildSettings = {
				ALWAYS_SEARCH_USER_PATHS = NO;
				CLANG_ANALYZER_NONNULL = YES;
				CLANG_ANALYZER_NUMBER_OBJECT_CONVERSION = YES_AGGRESSIVE;
				CLANG_CXX_LANGUAGE_STANDARD = "gnu++14";
				CLANG_CXX_LIBRARY = "libc++";
				CLANG_ENABLE_MODULES = YES;
				CLANG_ENABLE_OBJC_ARC = YES;
				CLANG_WARN_BLOCK_CAPTURE_AUTORELEASING = YES;
				CLANG_WARN_BOOL_CONVERSION = YES;
				CLANG_WARN_COMMA = YES;
				CLANG_WARN_CONSTANT_CONVERSION = YES;
				CLANG_WARN_DIRECT_OBJC_ISA_USAGE = YES_ERROR;
				CLANG_WARN_DOCUMENTATION_COMMENTS = YES;
				CLANG_WARN_EMPTY_BODY = YES;
				CLANG_WARN_ENUM_CONVERSION = YES;
				CLANG_WARN_INFINITE_RECURSION = YES;
				CLANG_WARN_INT_CONVERSION = YES;
				CLANG_WARN_NON_LITERAL_NULL_CONVERSION = YES;
				CLANG_WARN_OBJC_LITERAL_CONVERSION = YES;
				CLANG_WARN_OBJC_ROOT_CLASS = YES_ERROR;
				CLANG_WARN_RANGE_LOOP_ANALYSIS = YES;
				CLANG_WARN_STRICT_PROTOTYPES = YES;
				CLANG_WARN_SUSPICIOUS_MOVE = YES;
				CLANG_WARN_UNGUARDED_AVAILABILITY = YES_AGGRESSIVE;
				CLANG_WARN_UNREACHABLE_CODE = YES;
				CLANG_WARN__DUPLICATE_METHOD_MATCH = YES;
				CODE_SIGN_IDENTITY = "iPhone Developer";
				COPY_PHASE_STRIP = NO;
				DEBUG_INFORMATION_FORMAT = dwarf;
				ENABLE_STRICT_OBJC_MSGSEND = YES;
				ENABLE_TESTABILITY = YES;
				GCC_C_LANGUAGE_STANDARD = gnu11;
				GCC_DYNAMIC_NO_PIC = NO;
				GCC_NO_COMMON_BLOCKS = YES;
				GCC_OPTIMIZATION_LEVEL = 0;
				GCC_PREPROCESSOR_DEFINITIONS = (
					"DEBUG=1",
					"$(inherited)",
				);
				GCC_WARN_64_TO_32_BIT_CONVERSION = YES;
				GCC_WARN_ABOUT_RETURN_TYPE = YES_ERROR;
				GCC_WARN_UNDECLARED_SELECTOR = YES;
				GCC_WARN_UNINITIALIZED_AUTOS = YES_AGGRESSIVE;
				GCC_WARN_UNUSED_FUNCTION = YES;
				GCC_WARN_UNUSED_VARIABLE = YES;
				IPHONEOS_DEPLOYMENT_TARGET = 11.0;
				MTL_ENABLE_DEBUG_INFO = YES;
				ONLY_ACTIVE_ARCH = YES;
				SDKROOT = iphoneos;
			};
			name = Debug;
		};
		3AFC9BED1F9A285700C07CFE /* Release */ = {
			isa = XCBuildConfiguration;
			buildSettings = {
				ALWAYS_SEARCH_USER_PATHS = NO;
				CLANG_ANALYZER_NONNULL = YES;
				CLANG_ANALYZER_NUMBER_OBJECT_CONVERSION = YES_AGGRESSIVE;
				CLANG_CXX_LANGUAGE_STANDARD = "gnu++14";
				CLANG_CXX_LIBRARY = "libc++";
				CLANG_ENABLE_MODULES = YES;
				CLANG_ENABLE_OBJC_ARC = YES;
				CLANG_WARN_BLOCK_CAPTURE_AUTORELEASING = YES;
				CLANG_WARN_BOOL_CONVERSION = YES;
				CLANG_WARN_COMMA = YES;
				CLANG_WARN_CONSTANT_CONVERSION = YES;
				CLANG_WARN_DIRECT_OBJC_ISA_USAGE = YES_ERROR;
				CLANG_WARN_DOCUMENTATION_COMMENTS = YES;
				CLANG_WARN_EMPTY_BODY = YES;
				CLANG_WARN_ENUM_CONVERSION = YES;
				CLANG_WARN_INFINITE_RECURSION = YES;
				CLANG_WARN_INT_CONVERSION = YES;
				CLANG_WARN_NON_LITERAL_NULL_CONVERSION = YES;
				CLANG_WARN_OBJC_LITERAL_CONVERSION = YES;
				CLANG_WARN_OBJC_ROOT_CLASS = YES_ERROR;
				CLANG_WARN_RANGE_LOOP_ANALYSIS = YES;
				CLANG_WARN_STRICT_PROTOTYPES = YES;
				CLANG_WARN_SUSPICIOUS_MOVE = YES;
				CLANG_WARN_UNGUARDED_AVAILABILITY = YES_AGGRESSIVE;
				CLANG_WARN_UNREACHABLE_CODE = YES;
				CLANG_WARN__DUPLICATE_METHOD_MATCH = YES;
				CODE_SIGN_IDENTITY = "iPhone Developer";
				COPY_PHASE_STRIP = NO;
				DEBUG_INFORMATION_FORMAT = "dwarf-with-dsym";
				ENABLE_NS_ASSERTIONS = NO;
				ENABLE_STRICT_OBJC_MSGSEND = YES;
				GCC_C_LANGUAGE_STANDARD = gnu11;
				GCC_NO_COMMON_BLOCKS = YES;
				GCC_WARN_64_TO_32_BIT_CONVERSION = YES;
				GCC_WARN_ABOUT_RETURN_TYPE = YES_ERROR;
				GCC_WARN_UNDECLARED_SELECTOR = YES;
				GCC_WARN_UNINITIALIZED_AUTOS = YES_AGGRESSIVE;
				GCC_WARN_UNUSED_FUNCTION = YES;
				GCC_WARN_UNUSED_VARIABLE = YES;
				IPHONEOS_DEPLOYMENT_TARGET = 11.0;
				MTL_ENABLE_DEBUG_INFO = NO;
				SDKROOT = iphoneos;
				VALIDATE_PRODUCT = YES;
			};
			name = Release;
		};
		3AFC9BEF1F9A285700C07CFE /* Debug */ = {
			isa = XCBuildConfiguration;
			buildSettings = {
				ASSETCATALOG_COMPILER_APPICON_NAME = AppIcon;
				CODE_SIGN_STYLE = Automatic;
				DEVELOPMENT_TEAM = ED52ZNS3N9;
				INFOPLIST_FILE = CryptoNight/Info.plist;
				LD_RUNPATH_SEARCH_PATHS = "$(inherited) @executable_path/Frameworks";
				OTHER_CFLAGS = (
					"-mssse3",
					"-mpclmul",
					"-maes",
					"-I$(SRCROOT)/xmrig/src",
					"-I$(SRCROOT)/xmrig/src/3rdparty",
				);
				PRODUCT_BUNDLE_IDENTIFIER = com.voyagegroup.CryptoNight;
				PRODUCT_NAME = "$(TARGET_NAME)";
				TARGETED_DEVICE_FAMILY = "1,2";
			};
			name = Debug;
		};
		3AFC9BF01F9A285700C07CFE /* Release */ = {
			isa = XCBuildConfiguration;
			buildSettings = {
				ASSETCATALOG_COMPILER_APPICON_NAME = AppIcon;
				CODE_SIGN_STYLE = Automatic;
				DEVELOPMENT_TEAM = ED52ZNS3N9;
				INFOPLIST_FILE = CryptoNight/Info.plist;
				LD_RUNPATH_SEARCH_PATHS = "$(inherited) @executable_path/Frameworks";
				OTHER_CFLAGS = (
					"-mssse3",
					"-mpclmul",
					"-maes",
					"-I$(SRCROOT)/xmrig/src",
					"-I$(SRCROOT)/xmrig/src/3rdparty",
				);
				PRODUCT_BUNDLE_IDENTIFIER = com.voyagegroup.CryptoNight;
				PRODUCT_NAME = "$(TARGET_NAME)";
				TARGETED_DEVICE_FAMILY = "1,2";
			};
			name = Release;
		};
/* End XCBuildConfiguration section */

/* Begin XCConfigurationList section */
		3AFC9BD31F9A285700C07CFE /* Build configuration list for PBXProject "CryptoNight" */ = {
			isa = XCConfigurationList;
			buildConfigurations = (
				3AFC9BEC1F9A285700C07CFE /* Debug */,
				3AFC9BED1F9A285700C07CFE /* Release */,
			);
			defaultConfigurationIsVisible = 0;
			defaultConfigurationName = Release;
		};
		3AFC9BEE1F9A285700C07CFE /* Build configuration list for PBXNativeTarget "CryptoNight" */ = {
			isa = XCConfigurationList;
			buildConfigurations = (
				3AFC9BEF1F9A285700C07CFE /* Debug */,
				3AFC9BF01F9A285700C07CFE /* Release */,
			);
			defaultConfigurationIsVisible = 0;
			defaultConfigurationName = Release;
		};
/* End XCConfigurationList section */
	};
	rootObject = 3AFC9BD01F9A285700C07CFE /* Project object */;
}
